
Microsoft Visual Studio Solution File, Format Version 12.00
# Visual Studio Version 16
VisualStudioVersion = 16.0.32802.440
MinimumVisualStudioVersion = 10.0.40219.1
Project("{FAE04EC0-301F-11D3-BF4B-00C04F79EFBC}") = "CustomerSales", "CustomerSales\CustomerSales.csproj", "{2012E3DE-3451-4015-93F5-8EB95558B34A}"
EndProject
Global
	GlobalSection(SolutionConfigurationPlatforms) = preSolution
		Debug|Any CPU = Debug|Any CPU
		Release|Any CPU = Release|Any CPU
	EndGlobalSection
	GlobalSection(ProjectConfigurationPlatforms) = postSolution
		{2012E3DE-3451-4015-93F5-8EB95558B34A}.Debug|Any CPU.ActiveCfg = Debug|Any CPU
		{2012E3DE-3451-4015-93F5-8EB95558B34A}.Debug|Any CPU.Build.0 = Debug|Any CPU
		{2012E3DE-3451-4015-93F5-8EB95558B34A}.Release|Any CPU.ActiveCfg = Release|Any CPU
		{2012E3DE-3451-4015-93F5-8EB95558B34A}.Release|Any CPU.Build.0 = Release|Any CPU
	EndGlobalSection
	GlobalSection(SolutionProperties) = preSolution
		HideSolutionNode = FALSE
	EndGlobalSection
	GlobalSection(ExtensibilityGlobals) = postSolution
		SolutionGuid = {614D4691-8F91-4E97-8F2C-4299EC3A5E5D}
	EndGlobalSection
EndGlobal
